
Microsoft Visual Studio Solution File, Format Version 12.00
# Visual Studio 15
VisualStudioVersion = 15.0.28307.438
MinimumVisualStudioVersion = 10.0.40219.1
Project("{8BC9CEB8-8B4A-11D0-8D11-00A0C91BC942}") = "Practice 1-1", "prj\Practice 1-1\Practice 1-1.vcxproj", "{B5302089-55F1-4C0E-BBA7-4ED36464DC32}"
EndProject
Project("{8BC9CEB8-8B4A-11D0-8D11-00A0C91BC942}") = "Practice 1-2", "prj\Practice 1-2\Practice 1-2.vcxproj", "{3A2BE60A-A067-4C22-B566-20F636FC1332}"
EndProject
Project("{8BC9CEB8-8B4A-11D0-8D11-00A0C91BC942}") = "Test", "prj\Test\Test.vcxproj", "{6683938B-93C2-43BE-8EB3-177993BF5286}"
EndProject
Project("{8BC9CEB8-8B4A-11D0-8D11-00A0C91BC942}") = "Practice 1-3", "prj\Practice 1-3\Practice 1-3.vcxproj", "{A58D3727-A92A-4266-8A08-4C990C6CAF7C}"
EndProject
Project("{8BC9CEB8-8B4A-11D0-8D11-00A0C91BC942}") = "Practice 1-6", "prj\Practice 1-6\Practice 1-6.vcxproj", "{4CB6BDC9-3DB7-4CC3-9B1F-3696EF8C3A4E}"
EndProject
Project("{8BC9CEB8-8B4A-11D0-8D11-00A0C91BC942}") = "Practice 1-7", "prj\Practice 1-7\Practice 1-7.vcxproj", "{AE7F864E-A3F6-4DFE-A94D-D3627C70DCAC}"
EndProject
Project("{8BC9CEB8-8B4A-11D0-8D11-00A0C91BC942}") = "Practice 1-8", "prj\Practice 1-8\Practice 1-8.vcxproj", "{AFEFF0E7-187A-4E85-A61F-C1EF2390A43A}"
EndProject
Project("{8BC9CEB8-8B4A-11D0-8D11-00A0C91BC942}") = "Practice 1-9", "prj\Practice 1-9\Practice 1-9.vcxproj", "{F09C0A68-CBE4-4A9F-995A-25DD28F3BEDA}"
EndProject
Project("{8BC9CEB8-8B4A-11D0-8D11-00A0C91BC942}") = "Practice 1-4", "prj\Practice 1-4\Practice 1-4.vcxproj", "{4EEB9055-8259-4581-BED2-6E35EE00FD07}"
EndProject
Project("{8BC9CEB8-8B4A-11D0-8D11-00A0C91BC942}") = "Practice 1-5", "prj\Practice 1-5\Practice 1-5.vcxproj", "{B633F0E6-C8EB-4E77-9972-02D3EE8C2BA4}"
EndProject
Project("{8BC9CEB8-8B4A-11D0-8D11-00A0C91BC942}") = "Practice 1-10", "prj\Practice 1-10\Practice 1-10.vcxproj", "{2A5A6308-F907-47DA-8CA1-FBD47D199D06}"
EndProject
Project("{8BC9CEB8-8B4A-11D0-8D11-00A0C91BC942}") = "Practice 1-Final", "prj\Practice 1-Final\Practice 1-Final.vcxproj", "{E61B550A-5A8E-41CB-951E-39E930F99FCD}"
EndProject
Global
	GlobalSection(SolutionConfigurationPlatforms) = preSolution
		Debug|x64 = Debug|x64
		Release|x64 = Release|x64
	EndGlobalSection
	GlobalSection(ProjectConfigurationPlatforms) = postSolution
		{B5302089-55F1-4C0E-BBA7-4ED36464DC32}.Debug|x64.ActiveCfg = Debug|x64
		{B5302089-55F1-4C0E-BBA7-4ED36464DC32}.Debug|x64.Build.0 = Debug|x64
		{B5302089-55F1-4C0E-BBA7-4ED36464DC32}.Release|x64.ActiveCfg = Release|x64
		{B5302089-55F1-4C0E-BBA7-4ED36464DC32}.Release|x64.Build.0 = Release|x64
		{3A2BE60A-A067-4C22-B566-20F636FC1332}.Debug|x64.ActiveCfg = Debug|x64
		{3A2BE60A-A067-4C22-B566-20F636FC1332}.Debug|x64.Build.0 = Debug|x64
		{3A2BE60A-A067-4C22-B566-20F636FC1332}.Release|x64.ActiveCfg = Release|x64
		{3A2BE60A-A067-4C22-B566-20F636FC1332}.Release|x64.Build.0 = Release|x64
		{6683938B-93C2-43BE-8EB3-177993BF5286}.Debug|x64.ActiveCfg = Debug|x64
		{6683938B-93C2-43BE-8EB3-177993BF5286}.Debug|x64.Build.0 = Debug|x64
		{6683938B-93C2-43BE-8EB3-177993BF5286}.Release|x64.ActiveCfg = Release|x64
		{6683938B-93C2-43BE-8EB3-177993BF5286}.Release|x64.Build.0 = Release|x64
		{A58D3727-A92A-4266-8A08-4C990C6CAF7C}.Debug|x64.ActiveCfg = Debug|x64
		{A58D3727-A92A-4266-8A08-4C990C6CAF7C}.Debug|x64.Build.0 = Debug|x64
		{A58D3727-A92A-4266-8A08-4C990C6CAF7C}.Release|x64.ActiveCfg = Release|x64
		{A58D3727-A92A-4266-8A08-4C990C6CAF7C}.Release|x64.Build.0 = Release|x64
		{4CB6BDC9-3DB7-4CC3-9B1F-3696EF8C3A4E}.Debug|x64.ActiveCfg = Debug|x64
		{4CB6BDC9-3DB7-4CC3-9B1F-3696EF8C3A4E}.Debug|x64.Build.0 = Debug|x64
		{4CB6BDC9-3DB7-4CC3-9B1F-3696EF8C3A4E}.Release|x64.ActiveCfg = Release|x64
		{4CB6BDC9-3DB7-4CC3-9B1F-3696EF8C3A4E}.Release|x64.Build.0 = Release|x64
		{AE7F864E-A3F6-4DFE-A94D-D3627C70DCAC}.Debug|x64.ActiveCfg = Debug|x64
		{AE7F864E-A3F6-4DFE-A94D-D3627C70DCAC}.Debug|x64.Build.0 = Debug|x64
		{AE7F864E-A3F6-4DFE-A94D-D3627C70DCAC}.Release|x64.ActiveCfg = Release|x64
		{AE7F864E-A3F6-4DFE-A94D-D3627C70DCAC}.Release|x64.Build.0 = Release|x64
		{AFEFF0E7-187A-4E85-A61F-C1EF2390A43A}.Debug|x64.ActiveCfg = Debug|x64
		{AFEFF0E7-187A-4E85-A61F-C1EF2390A43A}.Debug|x64.Build.0 = Debug|x64
		{AFEFF0E7-187A-4E85-A61F-C1EF2390A43A}.Release|x64.ActiveCfg = Release|x64
		{AFEFF0E7-187A-4E85-A61F-C1EF2390A43A}.Release|x64.Build.0 = Release|x64
		{F09C0A68-CBE4-4A9F-995A-25DD28F3BEDA}.Debug|x64.ActiveCfg = Debug|x64
		{F09C0A68-CBE4-4A9F-995A-25DD28F3BEDA}.Debug|x64.Build.0 = Debug|x64
		{F09C0A68-CBE4-4A9F-995A-25DD28F3BEDA}.Release|x64.ActiveCfg = Release|x64
		{F09C0A68-CBE4-4A9F-995A-25DD28F3BEDA}.Release|x64.Build.0 = Release|x64
		{4EEB9055-8259-4581-BED2-6E35EE00FD07}.Debug|x64.ActiveCfg = Debug|x64
		{4EEB9055-8259-4581-BED2-6E35EE00FD07}.Debug|x64.Build.0 = Debug|x64
		{4EEB9055-8259-4581-BED2-6E35EE00FD07}.Release|x64.ActiveCfg = Release|x64
		{4EEB9055-8259-4581-BED2-6E35EE00FD07}.Release|x64.Build.0 = Release|x64
		{B633F0E6-C8EB-4E77-9972-02D3EE8C2BA4}.Debug|x64.ActiveCfg = Debug|x64
		{B633F0E6-C8EB-4E77-9972-02D3EE8C2BA4}.Debug|x64.Build.0 = Debug|x64
		{B633F0E6-C8EB-4E77-9972-02D3EE8C2BA4}.Release|x64.ActiveCfg = Release|x64
		{B633F0E6-C8EB-4E77-9972-02D3EE8C2BA4}.Release|x64.Build.0 = Release|x64
		{2A5A6308-F907-47DA-8CA1-FBD47D199D06}.Debug|x64.ActiveCfg = Debug|x64
		{2A5A6308-F907-47DA-8CA1-FBD47D199D06}.Debug|x64.Build.0 = Debug|x64
		{2A5A6308-F907-47DA-8CA1-FBD47D199D06}.Release|x64.ActiveCfg = Release|x64
		{2A5A6308-F907-47DA-8CA1-FBD47D199D06}.Release|x64.Build.0 = Release|x64
		{E61B550A-5A8E-41CB-951E-39E930F99FCD}.Debug|x64.ActiveCfg = Debug|x64
		{E61B550A-5A8E-41CB-951E-39E930F99FCD}.Debug|x64.Build.0 = Debug|x64
		{E61B550A-5A8E-41CB-951E-39E930F99FCD}.Release|x64.ActiveCfg = Release|x64
		{E61B550A-5A8E-41CB-951E-39E930F99FCD}.Release|x64.Build.0 = Release|x64
	EndGlobalSection
	GlobalSection(SolutionProperties) = preSolution
		HideSolutionNode = FALSE
	EndGlobalSection
	GlobalSection(ExtensibilityGlobals) = postSolution
		SolutionGuid = {CB5AEA4C-9B9E-4615-B442-0560C616977E}
	EndGlobalSection
EndGlobal
