
Microsoft Visual Studio Solution File, Format Version 12.00
# Visual Studio 15
VisualStudioVersion = 15.0.28307.438
MinimumVisualStudioVersion = 10.0.40219.1
Project("{8BC9CEB8-8B4A-11D0-8D11-00A0C91BC942}") = "Test", "prj\Test\Test.vcxproj", "{6683938B-93C2-43BE-8EB3-177993BF5286}"
EndProject
Project("{8BC9CEB8-8B4A-11D0-8D11-00A0C91BC942}") = "Practice 3-1", "prj\Practice 3-1\Practice 3-1.vcxproj", "{B75F5F67-73E8-4F2E-8032-B81A9F0124A8}"
EndProject
Project("{8BC9CEB8-8B4A-11D0-8D11-00A0C91BC942}") = "Practice 3-2", "prj\Practice 3-2\Practice 3-2.vcxproj", "{08CCC49C-9BBC-445C-9E14-DAC591090F0E}"
EndProject
Project("{8BC9CEB8-8B4A-11D0-8D11-00A0C91BC942}") = "Practice 3-3", "prj\Practice 3-3\Practice 3-3.vcxproj", "{DBFB1C00-5A24-4172-90A9-965240C8049A}"
EndProject
Project("{8BC9CEB8-8B4A-11D0-8D11-00A0C91BC942}") = "Practice 3-4(Final Practice)", "prj\Practice 3-4(Final Practice)\Practice 3-4(Final Practice).vcxproj", "{1C92709C-69BA-42BA-9C7A-383ECE489587}"
EndProject
Global
	GlobalSection(SolutionConfigurationPlatforms) = preSolution
		Debug|x64 = Debug|x64
		Release|x64 = Release|x64
	EndGlobalSection
	GlobalSection(ProjectConfigurationPlatforms) = postSolution
		{6683938B-93C2-43BE-8EB3-177993BF5286}.Debug|x64.ActiveCfg = Debug|x64
		{6683938B-93C2-43BE-8EB3-177993BF5286}.Debug|x64.Build.0 = Debug|x64
		{6683938B-93C2-43BE-8EB3-177993BF5286}.Release|x64.ActiveCfg = Release|x64
		{6683938B-93C2-43BE-8EB3-177993BF5286}.Release|x64.Build.0 = Release|x64
		{B75F5F67-73E8-4F2E-8032-B81A9F0124A8}.Debug|x64.ActiveCfg = Debug|x64
		{B75F5F67-73E8-4F2E-8032-B81A9F0124A8}.Debug|x64.Build.0 = Debug|x64
		{B75F5F67-73E8-4F2E-8032-B81A9F0124A8}.Release|x64.ActiveCfg = Release|x64
		{B75F5F67-73E8-4F2E-8032-B81A9F0124A8}.Release|x64.Build.0 = Release|x64
		{08CCC49C-9BBC-445C-9E14-DAC591090F0E}.Debug|x64.ActiveCfg = Debug|x64
		{08CCC49C-9BBC-445C-9E14-DAC591090F0E}.Debug|x64.Build.0 = Debug|x64
		{08CCC49C-9BBC-445C-9E14-DAC591090F0E}.Release|x64.ActiveCfg = Release|x64
		{08CCC49C-9BBC-445C-9E14-DAC591090F0E}.Release|x64.Build.0 = Release|x64
		{DBFB1C00-5A24-4172-90A9-965240C8049A}.Debug|x64.ActiveCfg = Debug|x64
		{DBFB1C00-5A24-4172-90A9-965240C8049A}.Debug|x64.Build.0 = Debug|x64
		{DBFB1C00-5A24-4172-90A9-965240C8049A}.Release|x64.ActiveCfg = Release|x64
		{DBFB1C00-5A24-4172-90A9-965240C8049A}.Release|x64.Build.0 = Release|x64
		{1C92709C-69BA-42BA-9C7A-383ECE489587}.Debug|x64.ActiveCfg = Debug|x64
		{1C92709C-69BA-42BA-9C7A-383ECE489587}.Debug|x64.Build.0 = Debug|x64
		{1C92709C-69BA-42BA-9C7A-383ECE489587}.Release|x64.ActiveCfg = Release|x64
		{1C92709C-69BA-42BA-9C7A-383ECE489587}.Release|x64.Build.0 = Release|x64
	EndGlobalSection
	GlobalSection(SolutionProperties) = preSolution
		HideSolutionNode = FALSE
	EndGlobalSection
	GlobalSection(ExtensibilityGlobals) = postSolution
		SolutionGuid = {CB5AEA4C-9B9E-4615-B442-0560C616977E}
	EndGlobalSection
EndGlobal
