
Microsoft Visual Studio Solution File, Format Version 12.00
# Visual Studio Version 16
VisualStudioVersion = 16.0.29020.237
MinimumVisualStudioVersion = 10.0.40219.1
Project("{8BC9CEB8-8B4A-11D0-8D11-00A0C91BC942}") = "Test", "prj\Test\Test.vcxproj", "{6683938B-93C2-43BE-8EB3-177993BF5286}"
EndProject
Project("{8BC9CEB8-8B4A-11D0-8D11-00A0C91BC942}") = "Practice 2-1", "prj\Practice 2-1\Practice 2-1.vcxproj", "{B5302089-55F1-4C0E-BBA7-4ED36464DC32}"
EndProject
Project("{8BC9CEB8-8B4A-11D0-8D11-00A0C91BC942}") = "Practice 2-2", "prj\Practice 2-2\Practice 2-2.vcxproj", "{3A2BE60A-A067-4C22-B566-20F636FC1332}"
EndProject
Project("{8BC9CEB8-8B4A-11D0-8D11-00A0C91BC942}") = "Practice 2-3", "prj\Practice 2-3\Practice 2-3.vcxproj", "{785A3861-949F-478D-9781-B7286B5CB358}"
EndProject
Project("{8BC9CEB8-8B4A-11D0-8D11-00A0C91BC942}") = "Practice 2-4", "prj\Practice 2-4\Practice 2-4.vcxproj", "{32122C15-6C81-464A-A258-974EA7179D41}"
EndProject
Project("{8BC9CEB8-8B4A-11D0-8D11-00A0C91BC942}") = "Practice 2-5", "prj\Practice 2-5\Practice 2-5.vcxproj", "{D90E66A0-E8E8-4F74-9CFE-AF32AB3CC2A2}"
EndProject
Project("{8BC9CEB8-8B4A-11D0-8D11-00A0C91BC942}") = "Practice 2-6", "prj\Practice 2-6\Practice 2-6.vcxproj", "{730392F0-16F7-4364-B2B1-B11B049A68E8}"
EndProject
Global
	GlobalSection(SolutionConfigurationPlatforms) = preSolution
		Debug|x64 = Debug|x64
		Release|x64 = Release|x64
	EndGlobalSection
	GlobalSection(ProjectConfigurationPlatforms) = postSolution
		{6683938B-93C2-43BE-8EB3-177993BF5286}.Debug|x64.ActiveCfg = Debug|x64
		{6683938B-93C2-43BE-8EB3-177993BF5286}.Debug|x64.Build.0 = Debug|x64
		{6683938B-93C2-43BE-8EB3-177993BF5286}.Release|x64.ActiveCfg = Release|x64
		{6683938B-93C2-43BE-8EB3-177993BF5286}.Release|x64.Build.0 = Release|x64
		{B5302089-55F1-4C0E-BBA7-4ED36464DC32}.Debug|x64.ActiveCfg = Debug|x64
		{B5302089-55F1-4C0E-BBA7-4ED36464DC32}.Debug|x64.Build.0 = Debug|x64
		{B5302089-55F1-4C0E-BBA7-4ED36464DC32}.Release|x64.ActiveCfg = Release|x64
		{B5302089-55F1-4C0E-BBA7-4ED36464DC32}.Release|x64.Build.0 = Release|x64
		{3A2BE60A-A067-4C22-B566-20F636FC1332}.Debug|x64.ActiveCfg = Debug|x64
		{3A2BE60A-A067-4C22-B566-20F636FC1332}.Debug|x64.Build.0 = Debug|x64
		{3A2BE60A-A067-4C22-B566-20F636FC1332}.Release|x64.ActiveCfg = Release|x64
		{3A2BE60A-A067-4C22-B566-20F636FC1332}.Release|x64.Build.0 = Release|x64
		{785A3861-949F-478D-9781-B7286B5CB358}.Debug|x64.ActiveCfg = Debug|x64
		{785A3861-949F-478D-9781-B7286B5CB358}.Debug|x64.Build.0 = Debug|x64
		{785A3861-949F-478D-9781-B7286B5CB358}.Release|x64.ActiveCfg = Release|x64
		{785A3861-949F-478D-9781-B7286B5CB358}.Release|x64.Build.0 = Release|x64
		{32122C15-6C81-464A-A258-974EA7179D41}.Debug|x64.ActiveCfg = Debug|x64
		{32122C15-6C81-464A-A258-974EA7179D41}.Debug|x64.Build.0 = Debug|x64
		{32122C15-6C81-464A-A258-974EA7179D41}.Release|x64.ActiveCfg = Release|x64
		{32122C15-6C81-464A-A258-974EA7179D41}.Release|x64.Build.0 = Release|x64
		{D90E66A0-E8E8-4F74-9CFE-AF32AB3CC2A2}.Debug|x64.ActiveCfg = Debug|x64
		{D90E66A0-E8E8-4F74-9CFE-AF32AB3CC2A2}.Debug|x64.Build.0 = Debug|x64
		{D90E66A0-E8E8-4F74-9CFE-AF32AB3CC2A2}.Release|x64.ActiveCfg = Release|x64
		{D90E66A0-E8E8-4F74-9CFE-AF32AB3CC2A2}.Release|x64.Build.0 = Release|x64
		{730392F0-16F7-4364-B2B1-B11B049A68E8}.Debug|x64.ActiveCfg = Debug|x64
		{730392F0-16F7-4364-B2B1-B11B049A68E8}.Debug|x64.Build.0 = Debug|x64
		{730392F0-16F7-4364-B2B1-B11B049A68E8}.Release|x64.ActiveCfg = Release|x64
		{730392F0-16F7-4364-B2B1-B11B049A68E8}.Release|x64.Build.0 = Release|x64
	EndGlobalSection
	GlobalSection(SolutionProperties) = preSolution
		HideSolutionNode = FALSE
	EndGlobalSection
	GlobalSection(ExtensibilityGlobals) = postSolution
		SolutionGuid = {CB5AEA4C-9B9E-4615-B442-0560C616977E}
	EndGlobalSection
EndGlobal
